# This file is automatically @generated by Cargo.
# It is not intended for manual editing.
version = 4

[[package]]
name = "novarocks-error-manifest"
version = "0.1.0"
dependencies = [
 "novarocks-parser",
 "novarocks-user-error",
]

[[package]]
name = "novarocks-parser"
version = "0.1.0"
dependencies = [
 "novarocks-user-error",
]

[[package]]
name = "novarocks-user-error"
version = "0.1.0"
